// !$*UTF8*$!
{
	archiveVersion = 1;
	classes = {
	};
	objectVersion = 56;
	objects = {

/* Begin PBXBuildFile section */
		A7416EC82972843500E1A765 /* AppDelegate.swift in Sources */ = {isa = PBXBuildFile; fileRef = A7416EC72972843500E1A765 /* AppDelegate.swift */; };
		A7416ECA2972843500E1A765 /* SceneDelegate.swift in Sources */ = {isa = PBXBuildFile; fileRef = A7416EC92972843500E1A765 /* SceneDelegate.swift */; };
		A7416ECC2972843500E1A765 /* ViewController.swift in Sources */ = {isa = PBXBuildFile; fileRef = A7416ECB2972843500E1A765 /* ViewController.swift */; };
		A7416ECF2972843500E1A765 /* Main.storyboard in Resources */ = {isa = PBXBuildFile; fileRef = A7416ECD2972843500E1A765 /* Main.storyboard */; };
		A7416ED22972843500E1A765 /* PiedraPapelTijeras.xcdatamodeld in Sources */ = {isa = PBXBuildFile; fileRef = A7416ED02972843500E1A765 /* PiedraPapelTijeras.xcdatamodeld */; };
		A7416ED42972843500E1A765 /* Assets.xcassets in Resources */ = {isa = PBXBuildFile; fileRef = A7416ED32972843500E1A765 /* Assets.xcassets */; };
		A7416ED72972843500E1A765 /* LaunchScreen.storyboard in Resources */ = {isa = PBXBuildFile; fileRef = A7416ED52972843500E1A765 /* LaunchScreen.storyboard */; };
		FB0F129F297B4017000E292C /* TipoJuegoViewModel.swift in Sources */ = {isa = PBXBuildFile; fileRef = FB0F129E297B4017000E292C /* TipoJuegoViewModel.swift */; };
		FB1032162978AD450057BC3A /* JugadorViewModel.swift in Sources */ = {isa = PBXBuildFile; fileRef = FB1032152978AD450057BC3A /* JugadorViewModel.swift */; };
		FB1032182978AD7F0057BC3A /* Result.swift in Sources */ = {isa = PBXBuildFile; fileRef = FB1032172978AD7F0057BC3A /* Result.swift */; };
		FB10321A2978AE050057BC3A /* Jugadores.swift in Sources */ = {isa = PBXBuildFile; fileRef = FB1032192978AE050057BC3A /* Jugadores.swift */; };
		FB1032202978BBC90057BC3A /* PuntajeViewController.swift in Sources */ = {isa = PBXBuildFile; fileRef = FB10321F2978BBC90057BC3A /* PuntajeViewController.swift */; };
		FB1032232978C04E0057BC3A /* PuntajeTableViewCell.swift in Sources */ = {isa = PBXBuildFile; fileRef = FB1032212978C04E0057BC3A /* PuntajeTableViewCell.swift */; };
		FB1032242978C04E0057BC3A /* PuntajeTableViewCell.xib in Resources */ = {isa = PBXBuildFile; fileRef = FB1032222978C04E0057BC3A /* PuntajeTableViewCell.xib */; };
		FB542C67297F0B9100CA3AEE /* TableViewController.swift in Sources */ = {isa = PBXBuildFile; fileRef = FB542C66297F0B9100CA3AEE /* TableViewController.swift */; };
		FB56BE3A297A196200205607 /* InicioViewController.swift in Sources */ = {isa = PBXBuildFile; fileRef = FB56BE39297A196200205607 /* InicioViewController.swift */; };
/* End PBXBuildFile section */

/* Begin PBXFileReference section */
		A7416EC42972843500E1A765 /* PiedraPapelTijeras.app */ = {isa = PBXFileReference; explicitFileType = wrapper.application; includeInIndex = 0; path = PiedraPapelTijeras.app; sourceTree = BUILT_PRODUCTS_DIR; };
		A7416EC72972843500E1A765 /* AppDelegate.swift */ = {isa = PBXFileReference; lastKnownFileType = sourcecode.swift; path = AppDelegate.swift; sourceTree = "<group>"; };
		A7416EC92972843500E1A765 /* SceneDelegate.swift */ = {isa = PBXFileReference; lastKnownFileType = sourcecode.swift; path = SceneDelegate.swift; sourceTree = "<group>"; };
		A7416ECB2972843500E1A765 /* ViewController.swift */ = {isa = PBXFileReference; lastKnownFileType = sourcecode.swift; path = ViewController.swift; sourceTree = "<group>"; };
		A7416ECE2972843500E1A765 /* Base */ = {isa = PBXFileReference; lastKnownFileType = file.storyboard; name = Base; path = Base.lproj/Main.storyboard; sourceTree = "<group>"; };
		A7416ED12972843500E1A765 /* PiedraPapelTijeras.xcdatamodel */ = {isa = PBXFileReference; lastKnownFileType = wrapper.xcdatamodel; path = PiedraPapelTijeras.xcdatamodel; sourceTree = "<group>"; };
		A7416ED32972843500E1A765 /* Assets.xcassets */ = {isa = PBXFileReference; lastKnownFileType = folder.assetcatalog; path = Assets.xcassets; sourceTree = "<group>"; };
		A7416ED62972843500E1A765 /* Base */ = {isa = PBXFileReference; lastKnownFileType = file.storyboard; name = Base; path = Base.lproj/LaunchScreen.storyboard; sourceTree = "<group>"; };
		A7416ED82972843500E1A765 /* Info.plist */ = {isa = PBXFileReference; lastKnownFileType = text.plist.xml; path = Info.plist; sourceTree = "<group>"; };
		FB0F129E297B4017000E292C /* TipoJuegoViewModel.swift */ = {isa = PBXFileReference; lastKnownFileType = sourcecode.swift; path = TipoJuegoViewModel.swift; sourceTree = "<group>"; };
		FB1032152978AD450057BC3A /* JugadorViewModel.swift */ = {isa = PBXFileReference; lastKnownFileType = sourcecode.swift; path = JugadorViewModel.swift; sourceTree = "<group>"; };
		FB1032172978AD7F0057BC3A /* Result.swift */ = {isa = PBXFileReference; lastKnownFileType = sourcecode.swift; path = Result.swift; sourceTree = "<group>"; };
		FB1032192978AE050057BC3A /* Jugadores.swift */ = {isa = PBXFileReference; lastKnownFileType = sourcecode.swift; path = Jugadores.swift; sourceTree = "<group>"; };
		FB10321F2978BBC90057BC3A /* PuntajeViewController.swift */ = {isa = PBXFileReference; lastKnownFileType = sourcecode.swift; path = PuntajeViewController.swift; sourceTree = "<group>"; };
		FB1032212978C04E0057BC3A /* PuntajeTableViewCell.swift */ = {isa = PBXFileReference; lastKnownFileType = sourcecode.swift; path = PuntajeTableViewCell.swift; sourceTree = "<group>"; };
		FB1032222978C04E0057BC3A /* PuntajeTableViewCell.xib */ = {isa = PBXFileReference; lastKnownFileType = file.xib; path = PuntajeTableViewCell.xib; sourceTree = "<group>"; };
		FB542C66297F0B9100CA3AEE /* TableViewController.swift */ = {isa = PBXFileReference; lastKnownFileType = sourcecode.swift; path = TableViewController.swift; sourceTree = "<group>"; };
		FB56BE39297A196200205607 /* InicioViewController.swift */ = {isa = PBXFileReference; lastKnownFileType = sourcecode.swift; path = InicioViewController.swift; sourceTree = "<group>"; };
/* End PBXFileReference section */

/* Begin PBXFrameworksBuildPhase section */
		A7416EC12972843500E1A765 /* Frameworks */ = {
			isa = PBXFrameworksBuildPhase;
			buildActionMask = 2147483647;
			files = (
			);
			runOnlyForDeploymentPostprocessing = 0;
		};
/* End PBXFrameworksBuildPhase section */

/* Begin PBXGroup section */
		A7416EBB2972843500E1A765 = {
			isa = PBXGroup;
			children = (
				A7416EC62972843500E1A765 /* PiedraPapelTijeras */,
				A7416EC52972843500E1A765 /* Products */,
			);
			sourceTree = "<group>";
		};
		A7416EC52972843500E1A765 /* Products */ = {
			isa = PBXGroup;
			children = (
				A7416EC42972843500E1A765 /* PiedraPapelTijeras.app */,
			);
			name = Products;
			sourceTree = "<group>";
		};
		A7416EC62972843500E1A765 /* PiedraPapelTijeras */ = {
			isa = PBXGroup;
			children = (
				FB10321C2978BB750057BC3A /* view */,
				FB10321B2978BB6F0057BC3A /* Controller */,
				FB10321429789B240057BC3A /* Model */,
				A7416EC72972843500E1A765 /* AppDelegate.swift */,
				A7416EC92972843500E1A765 /* SceneDelegate.swift */,
				A7416ECB2972843500E1A765 /* ViewController.swift */,
				A7416ECD2972843500E1A765 /* Main.storyboard */,
				A7416ED32972843500E1A765 /* Assets.xcassets */,
				A7416ED52972843500E1A765 /* LaunchScreen.storyboard */,
				A7416ED82972843500E1A765 /* Info.plist */,
				A7416ED02972843500E1A765 /* PiedraPapelTijeras.xcdatamodeld */,
				FB10321329789A260057BC3A /* view model  */,
			);
			path = PiedraPapelTijeras;
			sourceTree = "<group>";
		};
		FB10321329789A260057BC3A /* view model  */ = {
			isa = PBXGroup;
			children = (
				FB1032152978AD450057BC3A /* JugadorViewModel.swift */,
				FB0F129E297B4017000E292C /* TipoJuegoViewModel.swift */,
			);
			path = "view model ";
			sourceTree = "<group>";
		};
		FB10321429789B240057BC3A /* Model */ = {
			isa = PBXGroup;
			children = (
				FB1032172978AD7F0057BC3A /* Result.swift */,
				FB1032192978AE050057BC3A /* Jugadores.swift */,
			);
			path = Model;
			sourceTree = "<group>";
		};
		FB10321B2978BB6F0057BC3A /* Controller */ = {
			isa = PBXGroup;
			children = (
				FB10321F2978BBC90057BC3A /* PuntajeViewController.swift */,
				FB1032212978C04E0057BC3A /* PuntajeTableViewCell.swift */,
				FB1032222978C04E0057BC3A /* PuntajeTableViewCell.xib */,
				FB56BE39297A196200205607 /* InicioViewController.swift */,
			);
			path = Controller;
			sourceTree = "<group>";
		};
		FB10321C2978BB750057BC3A /* view */ = {
			isa = PBXGroup;
			children = (
				FB542C66297F0B9100CA3AEE /* TableViewController.swift */,
			);
			path = view;
			sourceTree = "<group>";
		};
/* End PBXGroup section */

/* Begin PBXNativeTarget section */
		A7416EC32972843500E1A765 /* PiedraPapelTijeras */ = {
			isa = PBXNativeTarget;
			buildConfigurationList = A7416EDB2972843500E1A765 /* Build configuration list for PBXNativeTarget "PiedraPapelTijeras" */;
			buildPhases = (
				A7416EC02972843500E1A765 /* Sources */,
				A7416EC12972843500E1A765 /* Frameworks */,
				A7416EC22972843500E1A765 /* Resources */,
			);
			buildRules = (
			);
			dependencies = (
			);
			name = PiedraPapelTijeras;
			productName = PiedraPapelTijeras;
			productReference = A7416EC42972843500E1A765 /* PiedraPapelTijeras.app */;
			productType = "com.apple.product-type.application";
		};
/* End PBXNativeTarget section */

/* Begin PBXProject section */
		A7416EBC2972843500E1A765 /* Project object */ = {
			isa = PBXProject;
			attributes = {
				BuildIndependentTargetsInParallel = 1;
				LastSwiftUpdateCheck = 1420;
				LastUpgradeCheck = 1420;
				TargetAttributes = {
					A7416EC32972843500E1A765 = {
						CreatedOnToolsVersion = 14.2;
					};
				};
			};
			buildConfigurationList = A7416EBF2972843500E1A765 /* Build configuration list for PBXProject "PiedraPapelTijeras" */;
			compatibilityVersion = "Xcode 14.0";
			developmentRegion = en;
			hasScannedForEncodings = 0;
			knownRegions = (
				en,
				Base,
			);
			mainGroup = A7416EBB2972843500E1A765;
			productRefGroup = A7416EC52972843500E1A765 /* Products */;
			projectDirPath = "";
			projectRoot = "";
			targets = (
				A7416EC32972843500E1A765 /* PiedraPapelTijeras */,
			);
		};
/* End PBXProject section */

/* Begin PBXResourcesBuildPhase section */
		A7416EC22972843500E1A765 /* Resources */ = {
			isa = PBXResourcesBuildPhase;
			buildActionMask = 2147483647;
			files = (
				A7416ED72972843500E1A765 /* LaunchScreen.storyboard in Resources */,
				A7416ED42972843500E1A765 /* Assets.xcassets in Resources */,
				A7416ECF2972843500E1A765 /* Main.storyboard in Resources */,
				FB1032242978C04E0057BC3A /* PuntajeTableViewCell.xib in Resources */,
			);
			runOnlyForDeploymentPostprocessing = 0;
		};
/* End PBXResourcesBuildPhase section */

/* Begin PBXSourcesBuildPhase section */
		A7416EC02972843500E1A765 /* Sources */ = {
			isa = PBXSourcesBuildPhase;
			buildActionMask = 2147483647;
			files = (
				FB10321A2978AE050057BC3A /* Jugadores.swift in Sources */,
				FB1032182978AD7F0057BC3A /* Result.swift in Sources */,
				A7416ED22972843500E1A765 /* PiedraPapelTijeras.xcdatamodeld in Sources */,
				FB56BE3A297A196200205607 /* InicioViewController.swift in Sources */,
				A7416ECC2972843500E1A765 /* ViewController.swift in Sources */,
				FB0F129F297B4017000E292C /* TipoJuegoViewModel.swift in Sources */,
				FB1032202978BBC90057BC3A /* PuntajeViewController.swift in Sources */,
				FB542C67297F0B9100CA3AEE /* TableViewController.swift in Sources */,
				A7416EC82972843500E1A765 /* AppDelegate.swift in Sources */,
				A7416ECA2972843500E1A765 /* SceneDelegate.swift in Sources */,
				FB1032232978C04E0057BC3A /* PuntajeTableViewCell.swift in Sources */,
				FB1032162978AD450057BC3A /* JugadorViewModel.swift in Sources */,
			);
			runOnlyForDeploymentPostprocessing = 0;
		};
/* End PBXSourcesBuildPhase section */

/* Begin PBXVariantGroup section */
		A7416ECD2972843500E1A765 /* Main.storyboard */ = {
			isa = PBXVariantGroup;
			children = (
				A7416ECE2972843500E1A765 /* Base */,
			);
			name = Main.storyboard;
			sourceTree = "<group>";
		};
		A7416ED52972843500E1A765 /* LaunchScreen.storyboard */ = {
			isa = PBXVariantGroup;
			children = (
				A7416ED62972843500E1A765 /* Base */,
			);
			name = LaunchScreen.storyboard;
			sourceTree = "<group>";
		};
/* End PBXVariantGroup section */

/* Begin XCBuildConfiguration section */
		A7416ED92972843500E1A765 /* Debug */ = {
			isa = XCBuildConfiguration;
			buildSettings = {
				ALWAYS_SEARCH_USER_PATHS = NO;
				CLANG_ANALYZER_NONNULL = YES;
				CLANG_ANALYZER_NUMBER_OBJECT_CONVERSION = YES_AGGRESSIVE;
				CLANG_CXX_LANGUAGE_STANDARD = "gnu++20";
				CLANG_ENABLE_MODULES = YES;
				CLANG_ENABLE_OBJC_ARC = YES;
				CLANG_ENABLE_OBJC_WEAK = YES;
				CLANG_WARN_BLOCK_CAPTURE_AUTORELEASING = YES;
				CLANG_WARN_BOOL_CONVERSION = YES;
				CLANG_WARN_COMMA = YES;
				CLANG_WARN_CONSTANT_CONVERSION = YES;
				CLANG_WARN_DEPRECATED_OBJC_IMPLEMENTATIONS = YES;
				CLANG_WARN_DIRECT_OBJC_ISA_USAGE = YES_ERROR;
				CLANG_WARN_DOCUMENTATION_COMMENTS = YES;
				CLANG_WARN_EMPTY_BODY = YES;
				CLANG_WARN_ENUM_CONVERSION = YES;
				CLANG_WARN_INFINITE_RECURSION = YES;
				CLANG_WARN_INT_CONVERSION = YES;
				CLANG_WARN_NON_LITERAL_NULL_CONVERSION = YES;
				CLANG_WARN_OBJC_IMPLICIT_RETAIN_SELF = YES;
				CLANG_WARN_OBJC_LITERAL_CONVERSION = YES;
				CLANG_WARN_OBJC_ROOT_CLASS = YES_ERROR;
				CLANG_WARN_QUOTED_INCLUDE_IN_FRAMEWORK_HEADER = YES;
				CLANG_WARN_RANGE_LOOP_ANALYSIS = YES;
				CLANG_WARN_STRICT_PROTOTYPES = YES;
				CLANG_WARN_SUSPICIOUS_MOVE = YES;
				CLANG_WARN_UNGUARDED_AVAILABILITY = YES_AGGRESSIVE;
				CLANG_WARN_UNREACHABLE_CODE = YES;
				CLANG_WARN__DUPLICATE_METHOD_MATCH = YES;
				COPY_PHASE_STRIP = NO;
				DEBUG_INFORMATION_FORMAT = dwarf;
				ENABLE_STRICT_OBJC_MSGSEND = YES;
				ENABLE_TESTABILITY = YES;
				GCC_C_LANGUAGE_STANDARD = gnu11;
				GCC_DYNAMIC_NO_PIC = NO;
				GCC_NO_COMMON_BLOCKS = YES;
				GCC_OPTIMIZATION_LEVEL = 0;
				GCC_PREPROCESSOR_DEFINITIONS = (
					"DEBUG=1",
					"$(inherited)",
				);
				GCC_WARN_64_TO_32_BIT_CONVERSION = YES;
				GCC_WARN_ABOUT_RETURN_TYPE = YES_ERROR;
				GCC_WARN_UNDECLARED_SELECTOR = YES;
				GCC_WARN_UNINITIALIZED_AUTOS = YES_AGGRESSIVE;
				GCC_WARN_UNUSED_FUNCTION = YES;
				GCC_WARN_UNUSED_VARIABLE = YES;
				IPHONEOS_DEPLOYMENT_TARGET = 16.2;
				MTL_ENABLE_DEBUG_INFO = INCLUDE_SOURCE;
				MTL_FAST_MATH = YES;
				ONLY_ACTIVE_ARCH = YES;
				SDKROOT = iphoneos;
				SWIFT_ACTIVE_COMPILATION_CONDITIONS = DEBUG;
				SWIFT_OPTIMIZATION_LEVEL = "-Onone";
			};
			name = Debug;
		};
		A7416EDA2972843500E1A765 /* Release */ = {
			isa = XCBuildConfiguration;
			buildSettings = {
				ALWAYS_SEARCH_USER_PATHS = NO;
				CLANG_ANALYZER_NONNULL = YES;
				CLANG_ANALYZER_NUMBER_OBJECT_CONVERSION = YES_AGGRESSIVE;
				CLANG_CXX_LANGUAGE_STANDARD = "gnu++20";
				CLANG_ENABLE_MODULES = YES;
				CLANG_ENABLE_OBJC_ARC = YES;
				CLANG_ENABLE_OBJC_WEAK = YES;
				CLANG_WARN_BLOCK_CAPTURE_AUTORELEASING = YES;
				CLANG_WARN_BOOL_CONVERSION = YES;
				CLANG_WARN_COMMA = YES;
				CLANG_WARN_CONSTANT_CONVERSION = YES;
				CLANG_WARN_DEPRECATED_OBJC_IMPLEMENTATIONS = YES;
				CLANG_WARN_DIRECT_OBJC_ISA_USAGE = YES_ERROR;
				CLANG_WARN_DOCUMENTATION_COMMENTS = YES;
				CLANG_WARN_EMPTY_BODY = YES;
				CLANG_WARN_ENUM_CONVERSION = YES;
				CLANG_WARN_INFINITE_RECURSION = YES;
				CLANG_WARN_INT_CONVERSION = YES;
				CLANG_WARN_NON_LITERAL_NULL_CONVERSION = YES;
				CLANG_WARN_OBJC_IMPLICIT_RETAIN_SELF = YES;
				CLANG_WARN_OBJC_LITERAL_CONVERSION = YES;
				CLANG_WARN_OBJC_ROOT_CLASS = YES_ERROR;
				CLANG_WARN_QUOTED_INCLUDE_IN_FRAMEWORK_HEADER = YES;
				CLANG_WARN_RANGE_LOOP_ANALYSIS = YES;
				CLANG_WARN_STRICT_PROTOTYPES = YES;
				CLANG_WARN_SUSPICIOUS_MOVE = YES;
				CLANG_WARN_UNGUARDED_AVAILABILITY = YES_AGGRESSIVE;
				CLANG_WARN_UNREACHABLE_CODE = YES;
				CLANG_WARN__DUPLICATE_METHOD_MATCH = YES;
				COPY_PHASE_STRIP = NO;
				DEBUG_INFORMATION_FORMAT = "dwarf-with-dsym";
				ENABLE_NS_ASSERTIONS = NO;
				ENABLE_STRICT_OBJC_MSGSEND = YES;
				GCC_C_LANGUAGE_STANDARD = gnu11;
				GCC_NO_COMMON_BLOCKS = YES;
				GCC_WARN_64_TO_32_BIT_CONVERSION = YES;
				GCC_WARN_ABOUT_RETURN_TYPE = YES_ERROR;
				GCC_WARN_UNDECLARED_SELECTOR = YES;
				GCC_WARN_UNINITIALIZED_AUTOS = YES_AGGRESSIVE;
				GCC_WARN_UNUSED_FUNCTION = YES;
				GCC_WARN_UNUSED_VARIABLE = YES;
				IPHONEOS_DEPLOYMENT_TARGET = 16.2;
				MTL_ENABLE_DEBUG_INFO = NO;
				MTL_FAST_MATH = YES;
				SDKROOT = iphoneos;
				SWIFT_COMPILATION_MODE = wholemodule;
				SWIFT_OPTIMIZATION_LEVEL = "-O";
				VALIDATE_PRODUCT = YES;
			};
			name = Release;
		};
		A7416EDC2972843500E1A765 /* Debug */ = {
			isa = XCBuildConfiguration;
			buildSettings = {
				ASSETCATALOG_COMPILER_APPICON_NAME = AppIcon;
				ASSETCATALOG_COMPILER_GLOBAL_ACCENT_COLOR_NAME = AccentColor;
				CODE_SIGN_STYLE = Automatic;
				CURRENT_PROJECT_VERSION = 1;
				DEVELOPMENT_TEAM = HSJJHK6893;
				GENERATE_INFOPLIST_FILE = YES;
				INFOPLIST_FILE = PiedraPapelTijeras/Info.plist;
				INFOPLIST_KEY_UIApplicationSupportsIndirectInputEvents = YES;
				INFOPLIST_KEY_UILaunchStoryboardName = LaunchScreen;
				INFOPLIST_KEY_UIMainStoryboardFile = Main;
				INFOPLIST_KEY_UISupportedInterfaceOrientations = "UIInterfaceOrientationLandscapeLeft UIInterfaceOrientationLandscapeRight";
				INFOPLIST_KEY_UISupportedInterfaceOrientations_iPad = "UIInterfaceOrientationLandscapeLeft UIInterfaceOrientationLandscapeRight UIInterfaceOrientationPortrait";
				IPHONEOS_DEPLOYMENT_TARGET = 15.0;
				LD_RUNPATH_SEARCH_PATHS = (
					"$(inherited)",
					"@executable_path/Frameworks",
				);
				MARKETING_VERSION = 1.0;
				PRODUCT_BUNDLE_IDENTIFIER = Platzi.PiedraPapelTijeras;
				PRODUCT_NAME = "$(TARGET_NAME)";
				SWIFT_EMIT_LOC_STRINGS = YES;
				SWIFT_VERSION = 5.0;
				TARGETED_DEVICE_FAMILY = "1,2";
			};
			name = Debug;
		};
		A7416EDD2972843500E1A765 /* Release */ = {
			isa = XCBuildConfiguration;
			buildSettings = {
				ASSETCATALOG_COMPILER_APPICON_NAME = AppIcon;
				ASSETCATALOG_COMPILER_GLOBAL_ACCENT_COLOR_NAME = AccentColor;
				CODE_SIGN_STYLE = Automatic;
				CURRENT_PROJECT_VERSION = 1;
				DEVELOPMENT_TEAM = HSJJHK6893;
				GENERATE_INFOPLIST_FILE = YES;
				INFOPLIST_FILE = PiedraPapelTijeras/Info.plist;
				INFOPLIST_KEY_UIApplicationSupportsIndirectInputEvents = YES;
				INFOPLIST_KEY_UILaunchStoryboardName = LaunchScreen;
				INFOPLIST_KEY_UIMainStoryboardFile = Main;
				INFOPLIST_KEY_UISupportedInterfaceOrientations = "UIInterfaceOrientationLandscapeLeft UIInterfaceOrientationLandscapeRight";
				INFOPLIST_KEY_UISupportedInterfaceOrientations_iPad = "UIInterfaceOrientationLandscapeLeft UIInterfaceOrientationLandscapeRight UIInterfaceOrientationPortrait";
				IPHONEOS_DEPLOYMENT_TARGET = 15.0;
				LD_RUNPATH_SEARCH_PATHS = (
					"$(inherited)",
					"@executable_path/Frameworks",
				);
				MARKETING_VERSION = 1.0;
				PRODUCT_BUNDLE_IDENTIFIER = Platzi.PiedraPapelTijeras;
				PRODUCT_NAME = "$(TARGET_NAME)";
				SWIFT_EMIT_LOC_STRINGS = YES;
				SWIFT_VERSION = 5.0;
				TARGETED_DEVICE_FAMILY = "1,2";
			};
			name = Release;
		};
/* End XCBuildConfiguration section */

/* Begin XCConfigurationList section */
		A7416EBF2972843500E1A765 /* Build configuration list for PBXProject "PiedraPapelTijeras" */ = {
			isa = XCConfigurationList;
			buildConfigurations = (
				A7416ED92972843500E1A765 /* Debug */,
				A7416EDA2972843500E1A765 /* Release */,
			);
			defaultConfigurationIsVisible = 0;
			defaultConfigurationName = Release;
		};
		A7416EDB2972843500E1A765 /* Build configuration list for PBXNativeTarget "PiedraPapelTijeras" */ = {
			isa = XCConfigurationList;
			buildConfigurations = (
				A7416EDC2972843500E1A765 /* Debug */,
				A7416EDD2972843500E1A765 /* Release */,
			);
			defaultConfigurationIsVisible = 0;
			defaultConfigurationName = Release;
		};
/* End XCConfigurationList section */

/* Begin XCVersionGroup section */
		A7416ED02972843500E1A765 /* PiedraPapelTijeras.xcdatamodeld */ = {
			isa = XCVersionGroup;
			children = (
				A7416ED12972843500E1A765 /* PiedraPapelTijeras.xcdatamodel */,
			);
			currentVersion = A7416ED12972843500E1A765 /* PiedraPapelTijeras.xcdatamodel */;
			path = PiedraPapelTijeras.xcdatamodeld;
			sourceTree = "<group>";
			versionGroupType = wrapper.xcdatamodel;
		};
/* End XCVersionGroup section */
	};
	rootObject = A7416EBC2972843500E1A765 /* Project object */;
}
